{
    "name": "camb-sdk-examples",
    "version": "1.0.0",
    "lockfileVersion": 3,
    "requires": true,
    "packages": {
        "": {
            "name": "camb-sdk-examples",
            "version": "1.0.0",
            "dependencies": {
                "@camb-ai/sdk": "file:.."
            }
        },
        "node_modules/@camb-ai/sdk": {
            "version": "1.0.0",
            "resolved": "file:..",
            "license": "MIT",
            "engines": {
                "node": ">=18.0.0"
            }
        }
    }
}
